
Microsoft Visual Studio Solution File, Format Version 12.00
# Visual Studio Version 16
VisualStudioVersion = 16.0.31911.196
MinimumVisualStudioVersion = 10.0.40219.1
Project("{FAE04EC0-301F-11D3-BF4B-00C04F79EFBC}") = "WebApplication4", "WebApplication4\WebApplication4.csproj", "{FAB20E9A-DC0F-422C-812D-55DCE358ECC2}"
EndProject
Global
	GlobalSection(SolutionConfigurationPlatforms) = preSolution
		Debug|Any CPU = Debug|Any CPU
		Release|Any CPU = Release|Any CPU
	EndGlobalSection
	GlobalSection(ProjectConfigurationPlatforms) = postSolution
		{FAB20E9A-DC0F-422C-812D-55DCE358ECC2}.Debug|Any CPU.ActiveCfg = Debug|Any CPU
		{FAB20E9A-DC0F-422C-812D-55DCE358ECC2}.Debug|Any CPU.Build.0 = Debug|Any CPU
		{FAB20E9A-DC0F-422C-812D-55DCE358ECC2}.Release|Any CPU.ActiveCfg = Release|Any CPU
		{FAB20E9A-DC0F-422C-812D-55DCE358ECC2}.Release|Any CPU.Build.0 = Release|Any CPU
	EndGlobalSection
	GlobalSection(SolutionProperties) = preSolution
		HideSolutionNode = FALSE
	EndGlobalSection
	GlobalSection(ExtensibilityGlobals) = postSolution
		SolutionGuid = {A2C9EE77-F22D-42F8-922E-6E51C1092229}
	EndGlobalSection
EndGlobal
